
Microsoft Visual Studio Solution File, Format Version 12.00
# Visual Studio 15
VisualStudioVersion = 15.0.28307.902
MinimumVisualStudioVersion = 10.0.40219.1
Project("{FAE04EC0-301F-11D3-BF4B-00C04F79EFBC}") = "Manejador", "ManejadorLexico\Manejador.csproj", "{143CDC64-0263-42A6-B439-3A460C8CF963}"
EndProject
Project("{FAE04EC0-301F-11D3-BF4B-00C04F79EFBC}") = "Presentacion", "Presentacion\Presentacion.csproj", "{B6AE7973-8BBB-4814-BC5A-1C7ED6EA3151}"
EndProject
Project("{FAE04EC0-301F-11D3-BF4B-00C04F79EFBC}") = "Entidades", "Entidades\Entidades.csproj", "{96DB969E-786E-437C-9085-BFF4DA2958F8}"
EndProject
Global
	GlobalSection(SolutionConfigurationPlatforms) = preSolution
		Debug|Any CPU = Debug|Any CPU
		Release|Any CPU = Release|Any CPU
	EndGlobalSection
	GlobalSection(ProjectConfigurationPlatforms) = postSolution
		{143CDC64-0263-42A6-B439-3A460C8CF963}.Debug|Any CPU.ActiveCfg = Debug|Any CPU
		{143CDC64-0263-42A6-B439-3A460C8CF963}.Debug|Any CPU.Build.0 = Debug|Any CPU
		{143CDC64-0263-42A6-B439-3A460C8CF963}.Release|Any CPU.ActiveCfg = Release|Any CPU
		{143CDC64-0263-42A6-B439-3A460C8CF963}.Release|Any CPU.Build.0 = Release|Any CPU
		{B6AE7973-8BBB-4814-BC5A-1C7ED6EA3151}.Debug|Any CPU.ActiveCfg = Debug|Any CPU
		{B6AE7973-8BBB-4814-BC5A-1C7ED6EA3151}.Debug|Any CPU.Build.0 = Debug|Any CPU
		{B6AE7973-8BBB-4814-BC5A-1C7ED6EA3151}.Release|Any CPU.ActiveCfg = Release|Any CPU
		{B6AE7973-8BBB-4814-BC5A-1C7ED6EA3151}.Release|Any CPU.Build.0 = Release|Any CPU
		{96DB969E-786E-437C-9085-BFF4DA2958F8}.Debug|Any CPU.ActiveCfg = Debug|Any CPU
		{96DB969E-786E-437C-9085-BFF4DA2958F8}.Debug|Any CPU.Build.0 = Debug|Any CPU
		{96DB969E-786E-437C-9085-BFF4DA2958F8}.Release|Any CPU.ActiveCfg = Release|Any CPU
		{96DB969E-786E-437C-9085-BFF4DA2958F8}.Release|Any CPU.Build.0 = Release|Any CPU
	EndGlobalSection
	GlobalSection(SolutionProperties) = preSolution
		HideSolutionNode = FALSE
	EndGlobalSection
	GlobalSection(ExtensibilityGlobals) = postSolution
		SolutionGuid = {94F18773-634F-4F14-8A69-56F2CE2BBE73}
	EndGlobalSection
EndGlobal
